
Microsoft Visual Studio Solution File, Format Version 12.00
# Visual Studio Version 17
VisualStudioVersion = 17.9.34616.47
MinimumVisualStudioVersion = 10.0.40219.1
Project("{8BC9CEB8-8B4A-11D0-8D11-00A0C91BC942}") = "Looping_D_185", "Looping_D_185\Looping_D_185.vcxproj", "{3AD9DE04-1557-4CA3-BC65-79178255271A}"
EndProject
Project("{8BC9CEB8-8B4A-11D0-8D11-00A0C91BC942}") = "185_WhileLoop", "185_WhileLoop\185_WhileLoop.vcxproj", "{9F0F0355-DC43-450B-9112-98289C3143DD}"
EndProject
Project("{8BC9CEB8-8B4A-11D0-8D11-00A0C91BC942}") = "185_DoWhile", "185_DoWhile\185_DoWhile.vcxproj", "{8C6A5111-0F30-4E8B-BCDA-329D03ADC39F}"
EndProject
Project("{8BC9CEB8-8B4A-11D0-8D11-00A0C91BC942}") = "185_PersegiPanjang", "185_PersegiPanjang\185_PersegiPanjang.vcxproj", "{5172E858-86F5-4613-934D-103EA24901C4}"
EndProject
Global
	GlobalSection(SolutionConfigurationPlatforms) = preSolution
		Debug|x64 = Debug|x64
		Debug|x86 = Debug|x86
		Release|x64 = Release|x64
		Release|x86 = Release|x86
	EndGlobalSection
	GlobalSection(ProjectConfigurationPlatforms) = postSolution
		{3AD9DE04-1557-4CA3-BC65-79178255271A}.Debug|x64.ActiveCfg = Debug|x64
		{3AD9DE04-1557-4CA3-BC65-79178255271A}.Debug|x64.Build.0 = Debug|x64
		{3AD9DE04-1557-4CA3-BC65-79178255271A}.Debug|x86.ActiveCfg = Debug|Win32
		{3AD9DE04-1557-4CA3-BC65-79178255271A}.Debug|x86.Build.0 = Debug|Win32
		{3AD9DE04-1557-4CA3-BC65-79178255271A}.Release|x64.ActiveCfg = Release|x64
		{3AD9DE04-1557-4CA3-BC65-79178255271A}.Release|x64.Build.0 = Release|x64
		{3AD9DE04-1557-4CA3-BC65-79178255271A}.Release|x86.ActiveCfg = Release|Win32
		{3AD9DE04-1557-4CA3-BC65-79178255271A}.Release|x86.Build.0 = Release|Win32
		{9F0F0355-DC43-450B-9112-98289C3143DD}.Debug|x64.ActiveCfg = Debug|x64
		{9F0F0355-DC43-450B-9112-98289C3143DD}.Debug|x64.Build.0 = Debug|x64
		{9F0F0355-DC43-450B-9112-98289C3143DD}.Debug|x86.ActiveCfg = Debug|Win32
		{9F0F0355-DC43-450B-9112-98289C3143DD}.Debug|x86.Build.0 = Debug|Win32
		{9F0F0355-DC43-450B-9112-98289C3143DD}.Release|x64.ActiveCfg = Release|x64
		{9F0F0355-DC43-450B-9112-98289C3143DD}.Release|x64.Build.0 = Release|x64
		{9F0F0355-DC43-450B-9112-98289C3143DD}.Release|x86.ActiveCfg = Release|Win32
		{9F0F0355-DC43-450B-9112-98289C3143DD}.Release|x86.Build.0 = Release|Win32
		{8C6A5111-0F30-4E8B-BCDA-329D03ADC39F}.Debug|x64.ActiveCfg = Debug|x64
		{8C6A5111-0F30-4E8B-BCDA-329D03ADC39F}.Debug|x64.Build.0 = Debug|x64
		{8C6A5111-0F30-4E8B-BCDA-329D03ADC39F}.Debug|x86.ActiveCfg = Debug|Win32
		{8C6A5111-0F30-4E8B-BCDA-329D03ADC39F}.Debug|x86.Build.0 = Debug|Win32
		{8C6A5111-0F30-4E8B-BCDA-329D03ADC39F}.Release|x64.ActiveCfg = Release|x64
		{8C6A5111-0F30-4E8B-BCDA-329D03ADC39F}.Release|x64.Build.0 = Release|x64
		{8C6A5111-0F30-4E8B-BCDA-329D03ADC39F}.Release|x86.ActiveCfg = Release|Win32
		{8C6A5111-0F30-4E8B-BCDA-329D03ADC39F}.Release|x86.Build.0 = Release|Win32
		{5172E858-86F5-4613-934D-103EA24901C4}.Debug|x64.ActiveCfg = Debug|x64
		{5172E858-86F5-4613-934D-103EA24901C4}.Debug|x64.Build.0 = Debug|x64
		{5172E858-86F5-4613-934D-103EA24901C4}.Debug|x86.ActiveCfg = Debug|Win32
		{5172E858-86F5-4613-934D-103EA24901C4}.Debug|x86.Build.0 = Debug|Win32
		{5172E858-86F5-4613-934D-103EA24901C4}.Release|x64.ActiveCfg = Release|x64
		{5172E858-86F5-4613-934D-103EA24901C4}.Release|x64.Build.0 = Release|x64
		{5172E858-86F5-4613-934D-103EA24901C4}.Release|x86.ActiveCfg = Release|Win32
		{5172E858-86F5-4613-934D-103EA24901C4}.Release|x86.Build.0 = Release|Win32
	EndGlobalSection
	GlobalSection(SolutionProperties) = preSolution
		HideSolutionNode = FALSE
	EndGlobalSection
	GlobalSection(ExtensibilityGlobals) = postSolution
		SolutionGuid = {35C0D62E-A31D-4A40-8440-C4C21B7A0385}
	EndGlobalSection
EndGlobal
